// !$*UTF8*$!
{
	archiveVersion = 1;
	classes = {
	};
	objectVersion = 55;
	objects = {

/* Begin PBXBuildFile section */
		FA6351392BDCE7E7003FD95A /* AppDelegate.swift in Sources */ = {isa = PBXBuildFile; fileRef = FA6351382BDCE7E7003FD95A /* AppDelegate.swift */; };
		FA63513B2BDCE7E7003FD95A /* SceneDelegate.swift in Sources */ = {isa = PBXBuildFile; fileRef = FA63513A2BDCE7E7003FD95A /* SceneDelegate.swift */; };
		FA6351402BDCE7E7003FD95A /* Main.storyboard in Resources */ = {isa = PBXBuildFile; fileRef = FA63513E2BDCE7E7003FD95A /* Main.storyboard */; };
		FA6351422BDCE7EA003FD95A /* Assets.xcassets in Resources */ = {isa = PBXBuildFile; fileRef = FA6351412BDCE7EA003FD95A /* Assets.xcassets */; };
		FA6351452BDCE7EA003FD95A /* LaunchScreen.storyboard in Resources */ = {isa = PBXBuildFile; fileRef = FA6351432BDCE7EA003FD95A /* LaunchScreen.storyboard */; };
		FA6351782BDCE83D003FD95A /* PostViewModel.swift in Sources */ = {isa = PBXBuildFile; fileRef = FA6351542BDCE83C003FD95A /* PostViewModel.swift */; };
		FA6351792BDCE83D003FD95A /* SocialMediaTableViewCell.xib in Resources */ = {isa = PBXBuildFile; fileRef = FA6351562BDCE83C003FD95A /* SocialMediaTableViewCell.xib */; };
		FA63517A2BDCE83D003FD95A /* SocialMediaTableViewCell.swift in Sources */ = {isa = PBXBuildFile; fileRef = FA6351572BDCE83C003FD95A /* SocialMediaTableViewCell.swift */; };
		FA63517D2BDCE83D003FD95A /* PostModel.swift in Sources */ = {isa = PBXBuildFile; fileRef = FA63515B2BDCE83C003FD95A /* PostModel.swift */; };
		FA6351832BDCE83D003FD95A /* APIManager.swift in Sources */ = {isa = PBXBuildFile; fileRef = FA6351622BDCE83C003FD95A /* APIManager.swift */; };
		FA6351902BDCEB24003FD95A /* HomeFeedViewController.swift in Sources */ = {isa = PBXBuildFile; fileRef = FA63518F2BDCEB24003FD95A /* HomeFeedViewController.swift */; };
		FA6351942BDD085B003FD95A /* DetailViewController.swift in Sources */ = {isa = PBXBuildFile; fileRef = FA6351922BDD085B003FD95A /* DetailViewController.swift */; };
		FA6351952BDD085B003FD95A /* DetailViewController.xib in Resources */ = {isa = PBXBuildFile; fileRef = FA6351932BDD085B003FD95A /* DetailViewController.xib */; };
		FA6351A02BDD3B54003FD95A /* Extention.swift in Sources */ = {isa = PBXBuildFile; fileRef = FA63519B2BDD3B54003FD95A /* Extention.swift */; };
/* End PBXBuildFile section */

/* Begin PBXFileReference section */
		FA6351352BDCE7E7003FD95A /* Assignment.app */ = {isa = PBXFileReference; explicitFileType = wrapper.application; includeInIndex = 0; path = Assignment.app; sourceTree = BUILT_PRODUCTS_DIR; };
		FA6351382BDCE7E7003FD95A /* AppDelegate.swift */ = {isa = PBXFileReference; lastKnownFileType = sourcecode.swift; path = AppDelegate.swift; sourceTree = "<group>"; };
		FA63513A2BDCE7E7003FD95A /* SceneDelegate.swift */ = {isa = PBXFileReference; lastKnownFileType = sourcecode.swift; path = SceneDelegate.swift; sourceTree = "<group>"; };
		FA63513F2BDCE7E7003FD95A /* Base */ = {isa = PBXFileReference; lastKnownFileType = file.storyboard; name = Base; path = Base.lproj/Main.storyboard; sourceTree = "<group>"; };
		FA6351412BDCE7EA003FD95A /* Assets.xcassets */ = {isa = PBXFileReference; lastKnownFileType = folder.assetcatalog; path = Assets.xcassets; sourceTree = "<group>"; };
		FA6351442BDCE7EA003FD95A /* Base */ = {isa = PBXFileReference; lastKnownFileType = file.storyboard; name = Base; path = Base.lproj/LaunchScreen.storyboard; sourceTree = "<group>"; };
		FA6351462BDCE7EA003FD95A /* Info.plist */ = {isa = PBXFileReference; lastKnownFileType = text.plist.xml; path = Info.plist; sourceTree = "<group>"; };
		FA6351542BDCE83C003FD95A /* PostViewModel.swift */ = {isa = PBXFileReference; fileEncoding = 4; lastKnownFileType = sourcecode.swift; path = PostViewModel.swift; sourceTree = "<group>"; };
		FA6351562BDCE83C003FD95A /* SocialMediaTableViewCell.xib */ = {isa = PBXFileReference; fileEncoding = 4; lastKnownFileType = file.xib; path = SocialMediaTableViewCell.xib; sourceTree = "<group>"; };
		FA6351572BDCE83C003FD95A /* SocialMediaTableViewCell.swift */ = {isa = PBXFileReference; fileEncoding = 4; lastKnownFileType = sourcecode.swift; path = SocialMediaTableViewCell.swift; sourceTree = "<group>"; };
		FA63515B2BDCE83C003FD95A /* PostModel.swift */ = {isa = PBXFileReference; fileEncoding = 4; lastKnownFileType = sourcecode.swift; path = PostModel.swift; sourceTree = "<group>"; };
		FA6351622BDCE83C003FD95A /* APIManager.swift */ = {isa = PBXFileReference; fileEncoding = 4; lastKnownFileType = sourcecode.swift; path = APIManager.swift; sourceTree = "<group>"; };
		FA63518F2BDCEB24003FD95A /* HomeFeedViewController.swift */ = {isa = PBXFileReference; lastKnownFileType = sourcecode.swift; path = HomeFeedViewController.swift; sourceTree = "<group>"; };
		FA6351922BDD085B003FD95A /* DetailViewController.swift */ = {isa = PBXFileReference; lastKnownFileType = sourcecode.swift; path = DetailViewController.swift; sourceTree = "<group>"; };
		FA6351932BDD085B003FD95A /* DetailViewController.xib */ = {isa = PBXFileReference; lastKnownFileType = file.xib; path = DetailViewController.xib; sourceTree = "<group>"; };
		FA63519B2BDD3B54003FD95A /* Extention.swift */ = {isa = PBXFileReference; fileEncoding = 4; lastKnownFileType = sourcecode.swift; path = Extention.swift; sourceTree = "<group>"; };
/* End PBXFileReference section */

/* Begin PBXFrameworksBuildPhase section */
		FA6351322BDCE7E7003FD95A /* Frameworks */ = {
			isa = PBXFrameworksBuildPhase;
			buildActionMask = 2147483647;
			files = (
			);
			runOnlyForDeploymentPostprocessing = 0;
		};
/* End PBXFrameworksBuildPhase section */

/* Begin PBXGroup section */
		FA63512C2BDCE7E7003FD95A = {
			isa = PBXGroup;
			children = (
				FA6351372BDCE7E7003FD95A /* Assignment */,
				FA6351362BDCE7E7003FD95A /* Products */,
			);
			sourceTree = "<group>";
		};
		FA6351362BDCE7E7003FD95A /* Products */ = {
			isa = PBXGroup;
			children = (
				FA6351352BDCE7E7003FD95A /* Assignment.app */,
			);
			name = Products;
			sourceTree = "<group>";
		};
		FA6351372BDCE7E7003FD95A /* Assignment */ = {
			isa = PBXGroup;
			children = (
				FA6351382BDCE7E7003FD95A /* AppDelegate.swift */,
				FA63513A2BDCE7E7003FD95A /* SceneDelegate.swift */,
				FA63513E2BDCE7E7003FD95A /* Main.storyboard */,
				FA6351642BDCE83D003FD95A /* Controller */,
				FA6351552BDCE83C003FD95A /* customCell */,
				FA63515E2BDCE83C003FD95A /* APIManager */,
				FA6351522BDCE83C003FD95A /* ViewModel */,
				FA63515A2BDCE83C003FD95A /* Model */,
				FA6351412BDCE7EA003FD95A /* Assets.xcassets */,
				FA6351962BDD3B54003FD95A /* Utils */,
				FA6351432BDCE7EA003FD95A /* LaunchScreen.storyboard */,
				FA6351462BDCE7EA003FD95A /* Info.plist */,
			);
			path = Assignment;
			sourceTree = "<group>";
		};
		FA6351522BDCE83C003FD95A /* ViewModel */ = {
			isa = PBXGroup;
			children = (
				FA6351542BDCE83C003FD95A /* PostViewModel.swift */,
			);
			path = ViewModel;
			sourceTree = "<group>";
		};
		FA6351552BDCE83C003FD95A /* customCell */ = {
			isa = PBXGroup;
			children = (
				FA6351562BDCE83C003FD95A /* SocialMediaTableViewCell.xib */,
				FA6351572BDCE83C003FD95A /* SocialMediaTableViewCell.swift */,
			);
			path = customCell;
			sourceTree = "<group>";
		};
		FA63515A2BDCE83C003FD95A /* Model */ = {
			isa = PBXGroup;
			children = (
				FA63515B2BDCE83C003FD95A /* PostModel.swift */,
			);
			path = Model;
			sourceTree = "<group>";
		};
		FA63515E2BDCE83C003FD95A /* APIManager */ = {
			isa = PBXGroup;
			children = (
				FA6351622BDCE83C003FD95A /* APIManager.swift */,
			);
			path = APIManager;
			sourceTree = "<group>";
		};
		FA6351642BDCE83D003FD95A /* Controller */ = {
			isa = PBXGroup;
			children = (
				FA63518F2BDCEB24003FD95A /* HomeFeedViewController.swift */,
				FA6351912BDD084B003FD95A /* DetailViewController */,
			);
			path = Controller;
			sourceTree = "<group>";
		};
		FA6351912BDD084B003FD95A /* DetailViewController */ = {
			isa = PBXGroup;
			children = (
				FA6351922BDD085B003FD95A /* DetailViewController.swift */,
				FA6351932BDD085B003FD95A /* DetailViewController.xib */,
			);
			path = DetailViewController;
			sourceTree = "<group>";
		};
		FA6351962BDD3B54003FD95A /* Utils */ = {
			isa = PBXGroup;
			children = (
				FA63519B2BDD3B54003FD95A /* Extention.swift */,
			);
			path = Utils;
			sourceTree = "<group>";
		};
/* End PBXGroup section */

/* Begin PBXNativeTarget section */
		FA6351342BDCE7E7003FD95A /* Assignment */ = {
			isa = PBXNativeTarget;
			buildConfigurationList = FA6351492BDCE7EA003FD95A /* Build configuration list for PBXNativeTarget "Assignment" */;
			buildPhases = (
				FA6351312BDCE7E7003FD95A /* Sources */,
				FA6351322BDCE7E7003FD95A /* Frameworks */,
				FA6351332BDCE7E7003FD95A /* Resources */,
			);
			buildRules = (
			);
			dependencies = (
			);
			name = Assignment;
			productName = Assignment;
			productReference = FA6351352BDCE7E7003FD95A /* Assignment.app */;
			productType = "com.apple.product-type.application";
		};
/* End PBXNativeTarget section */

/* Begin PBXProject section */
		FA63512D2BDCE7E7003FD95A /* Project object */ = {
			isa = PBXProject;
			attributes = {
				BuildIndependentTargetsInParallel = 1;
				LastSwiftUpdateCheck = 1320;
				LastUpgradeCheck = 1320;
				TargetAttributes = {
					FA6351342BDCE7E7003FD95A = {
						CreatedOnToolsVersion = 13.2.1;
					};
				};
			};
			buildConfigurationList = FA6351302BDCE7E7003FD95A /* Build configuration list for PBXProject "Assignment" */;
			compatibilityVersion = "Xcode 13.0";
			developmentRegion = en;
			hasScannedForEncodings = 0;
			knownRegions = (
				en,
				Base,
			);
			mainGroup = FA63512C2BDCE7E7003FD95A;
			productRefGroup = FA6351362BDCE7E7003FD95A /* Products */;
			projectDirPath = "";
			projectRoot = "";
			targets = (
				FA6351342BDCE7E7003FD95A /* Assignment */,
			);
		};
/* End PBXProject section */

/* Begin PBXResourcesBuildPhase section */
		FA6351332BDCE7E7003FD95A /* Resources */ = {
			isa = PBXResourcesBuildPhase;
			buildActionMask = 2147483647;
			files = (
				FA6351452BDCE7EA003FD95A /* LaunchScreen.storyboard in Resources */,
				FA6351422BDCE7EA003FD95A /* Assets.xcassets in Resources */,
				FA6351952BDD085B003FD95A /* DetailViewController.xib in Resources */,
				FA6351402BDCE7E7003FD95A /* Main.storyboard in Resources */,
				FA6351792BDCE83D003FD95A /* SocialMediaTableViewCell.xib in Resources */,
			);
			runOnlyForDeploymentPostprocessing = 0;
		};
/* End PBXResourcesBuildPhase section */

/* Begin PBXSourcesBuildPhase section */
		FA6351312BDCE7E7003FD95A /* Sources */ = {
			isa = PBXSourcesBuildPhase;
			buildActionMask = 2147483647;
			files = (
				FA6351942BDD085B003FD95A /* DetailViewController.swift in Sources */,
				FA63517D2BDCE83D003FD95A /* PostModel.swift in Sources */,
				FA6351A02BDD3B54003FD95A /* Extention.swift in Sources */,
				FA6351392BDCE7E7003FD95A /* AppDelegate.swift in Sources */,
				FA63513B2BDCE7E7003FD95A /* SceneDelegate.swift in Sources */,
				FA63517A2BDCE83D003FD95A /* SocialMediaTableViewCell.swift in Sources */,
				FA6351832BDCE83D003FD95A /* APIManager.swift in Sources */,
				FA6351782BDCE83D003FD95A /* PostViewModel.swift in Sources */,
				FA6351902BDCEB24003FD95A /* HomeFeedViewController.swift in Sources */,
			);
			runOnlyForDeploymentPostprocessing = 0;
		};
/* End PBXSourcesBuildPhase section */

/* Begin PBXVariantGroup section */
		FA63513E2BDCE7E7003FD95A /* Main.storyboard */ = {
			isa = PBXVariantGroup;
			children = (
				FA63513F2BDCE7E7003FD95A /* Base */,
			);
			name = Main.storyboard;
			sourceTree = "<group>";
		};
		FA6351432BDCE7EA003FD95A /* LaunchScreen.storyboard */ = {
			isa = PBXVariantGroup;
			children = (
				FA6351442BDCE7EA003FD95A /* Base */,
			);
			name = LaunchScreen.storyboard;
			sourceTree = "<group>";
		};
/* End PBXVariantGroup section */

/* Begin XCBuildConfiguration section */
		FA6351472BDCE7EA003FD95A /* Debug */ = {
			isa = XCBuildConfiguration;
			buildSettings = {
				ALWAYS_SEARCH_USER_PATHS = NO;
				CLANG_ANALYZER_NONNULL = YES;
				CLANG_ANALYZER_NUMBER_OBJECT_CONVERSION = YES_AGGRESSIVE;
				CLANG_CXX_LANGUAGE_STANDARD = "gnu++17";
				CLANG_CXX_LIBRARY = "libc++";
				CLANG_ENABLE_MODULES = YES;
				CLANG_ENABLE_OBJC_ARC = YES;
				CLANG_ENABLE_OBJC_WEAK = YES;
				CLANG_WARN_BLOCK_CAPTURE_AUTORELEASING = YES;
				CLANG_WARN_BOOL_CONVERSION = YES;
				CLANG_WARN_COMMA = YES;
				CLANG_WARN_CONSTANT_CONVERSION = YES;
				CLANG_WARN_DEPRECATED_OBJC_IMPLEMENTATIONS = YES;
				CLANG_WARN_DIRECT_OBJC_ISA_USAGE = YES_ERROR;
				CLANG_WARN_DOCUMENTATION_COMMENTS = YES;
				CLANG_WARN_EMPTY_BODY = YES;
				CLANG_WARN_ENUM_CONVERSION = YES;
				CLANG_WARN_INFINITE_RECURSION = YES;
				CLANG_WARN_INT_CONVERSION = YES;
				CLANG_WARN_NON_LITERAL_NULL_CONVERSION = YES;
				CLANG_WARN_OBJC_IMPLICIT_RETAIN_SELF = YES;
				CLANG_WARN_OBJC_LITERAL_CONVERSION = YES;
				CLANG_WARN_OBJC_ROOT_CLASS = YES_ERROR;
				CLANG_WARN_QUOTED_INCLUDE_IN_FRAMEWORK_HEADER = YES;
				CLANG_WARN_RANGE_LOOP_ANALYSIS = YES;
				CLANG_WARN_STRICT_PROTOTYPES = YES;
				CLANG_WARN_SUSPICIOUS_MOVE = YES;
				CLANG_WARN_UNGUARDED_AVAILABILITY = YES_AGGRESSIVE;
				CLANG_WARN_UNREACHABLE_CODE = YES;
				CLANG_WARN__DUPLICATE_METHOD_MATCH = YES;
				COPY_PHASE_STRIP = NO;
				DEBUG_INFORMATION_FORMAT = dwarf;
				ENABLE_STRICT_OBJC_MSGSEND = YES;
				ENABLE_TESTABILITY = YES;
				GCC_C_LANGUAGE_STANDARD = gnu11;
				GCC_DYNAMIC_NO_PIC = NO;
				GCC_NO_COMMON_BLOCKS = YES;
				GCC_OPTIMIZATION_LEVEL = 0;
				GCC_PREPROCESSOR_DEFINITIONS = (
					"DEBUG=1",
					"$(inherited)",
				);
				GCC_WARN_64_TO_32_BIT_CONVERSION = YES;
				GCC_WARN_ABOUT_RETURN_TYPE = YES_ERROR;
				GCC_WARN_UNDECLARED_SELECTOR = YES;
				GCC_WARN_UNINITIALIZED_AUTOS = YES_AGGRESSIVE;
				GCC_WARN_UNUSED_FUNCTION = YES;
				GCC_WARN_UNUSED_VARIABLE = YES;
				IPHONEOS_DEPLOYMENT_TARGET = 15.2;
				MTL_ENABLE_DEBUG_INFO = INCLUDE_SOURCE;
				MTL_FAST_MATH = YES;
				ONLY_ACTIVE_ARCH = YES;
				SDKROOT = iphoneos;
				SWIFT_ACTIVE_COMPILATION_CONDITIONS = DEBUG;
				SWIFT_OPTIMIZATION_LEVEL = "-Onone";
			};
			name = Debug;
		};
		FA6351482BDCE7EA003FD95A /* Release */ = {
			isa = XCBuildConfiguration;
			buildSettings = {
				ALWAYS_SEARCH_USER_PATHS = NO;
				CLANG_ANALYZER_NONNULL = YES;
				CLANG_ANALYZER_NUMBER_OBJECT_CONVERSION = YES_AGGRESSIVE;
				CLANG_CXX_LANGUAGE_STANDARD = "gnu++17";
				CLANG_CXX_LIBRARY = "libc++";
				CLANG_ENABLE_MODULES = YES;
				CLANG_ENABLE_OBJC_ARC = YES;
				CLANG_ENABLE_OBJC_WEAK = YES;
				CLANG_WARN_BLOCK_CAPTURE_AUTORELEASING = YES;
				CLANG_WARN_BOOL_CONVERSION = YES;
				CLANG_WARN_COMMA = YES;
				CLANG_WARN_CONSTANT_CONVERSION = YES;
				CLANG_WARN_DEPRECATED_OBJC_IMPLEMENTATIONS = YES;
				CLANG_WARN_DIRECT_OBJC_ISA_USAGE = YES_ERROR;
				CLANG_WARN_DOCUMENTATION_COMMENTS = YES;
				CLANG_WARN_EMPTY_BODY = YES;
				CLANG_WARN_ENUM_CONVERSION = YES;
				CLANG_WARN_INFINITE_RECURSION = YES;
				CLANG_WARN_INT_CONVERSION = YES;
				CLANG_WARN_NON_LITERAL_NULL_CONVERSION = YES;
				CLANG_WARN_OBJC_IMPLICIT_RETAIN_SELF = YES;
				CLANG_WARN_OBJC_LITERAL_CONVERSION = YES;
				CLANG_WARN_OBJC_ROOT_CLASS = YES_ERROR;
				CLANG_WARN_QUOTED_INCLUDE_IN_FRAMEWORK_HEADER = YES;
				CLANG_WARN_RANGE_LOOP_ANALYSIS = YES;
				CLANG_WARN_STRICT_PROTOTYPES = YES;
				CLANG_WARN_SUSPICIOUS_MOVE = YES;
				CLANG_WARN_UNGUARDED_AVAILABILITY = YES_AGGRESSIVE;
				CLANG_WARN_UNREACHABLE_CODE = YES;
				CLANG_WARN__DUPLICATE_METHOD_MATCH = YES;
				COPY_PHASE_STRIP = NO;
				DEBUG_INFORMATION_FORMAT = "dwarf-with-dsym";
				ENABLE_NS_ASSERTIONS = NO;
				ENABLE_STRICT_OBJC_MSGSEND = YES;
				GCC_C_LANGUAGE_STANDARD = gnu11;
				GCC_NO_COMMON_BLOCKS = YES;
				GCC_WARN_64_TO_32_BIT_CONVERSION = YES;
				GCC_WARN_ABOUT_RETURN_TYPE = YES_ERROR;
				GCC_WARN_UNDECLARED_SELECTOR = YES;
				GCC_WARN_UNINITIALIZED_AUTOS = YES_AGGRESSIVE;
				GCC_WARN_UNUSED_FUNCTION = YES;
				GCC_WARN_UNUSED_VARIABLE = YES;
				IPHONEOS_DEPLOYMENT_TARGET = 15.2;
				MTL_ENABLE_DEBUG_INFO = NO;
				MTL_FAST_MATH = YES;
				SDKROOT = iphoneos;
				SWIFT_COMPILATION_MODE = wholemodule;
				SWIFT_OPTIMIZATION_LEVEL = "-O";
				VALIDATE_PRODUCT = YES;
			};
			name = Release;
		};
		FA63514A2BDCE7EA003FD95A /* Debug */ = {
			isa = XCBuildConfiguration;
			buildSettings = {
				ASSETCATALOG_COMPILER_APPICON_NAME = AppIcon;
				ASSETCATALOG_COMPILER_GLOBAL_ACCENT_COLOR_NAME = AccentColor;
				CODE_SIGN_STYLE = Automatic;
				CURRENT_PROJECT_VERSION = 1;
				DEVELOPMENT_TEAM = 98JG7VUNLX;
				GENERATE_INFOPLIST_FILE = YES;
				INFOPLIST_FILE = Assignment/Info.plist;
				INFOPLIST_KEY_UIApplicationSupportsIndirectInputEvents = YES;
				INFOPLIST_KEY_UILaunchStoryboardName = LaunchScreen;
				INFOPLIST_KEY_UIMainStoryboardFile = Main;
				INFOPLIST_KEY_UISupportedInterfaceOrientations_iPad = "UIInterfaceOrientationPortrait UIInterfaceOrientationPortraitUpsideDown UIInterfaceOrientationLandscapeLeft UIInterfaceOrientationLandscapeRight";
				INFOPLIST_KEY_UISupportedInterfaceOrientations_iPhone = "UIInterfaceOrientationPortrait UIInterfaceOrientationLandscapeLeft UIInterfaceOrientationLandscapeRight";
				LD_RUNPATH_SEARCH_PATHS = (
					"$(inherited)",
					"@executable_path/Frameworks",
				);
				MARKETING_VERSION = 1.0;
				PRODUCT_BUNDLE_IDENTIFIER = efgtbfg.Assignment;
				PRODUCT_NAME = "$(TARGET_NAME)";
				SWIFT_EMIT_LOC_STRINGS = YES;
				SWIFT_VERSION = 5.0;
				TARGETED_DEVICE_FAMILY = "1,2";
			};
			name = Debug;
		};
		FA63514B2BDCE7EA003FD95A /* Release */ = {
			isa = XCBuildConfiguration;
			buildSettings = {
				ASSETCATALOG_COMPILER_APPICON_NAME = AppIcon;
				ASSETCATALOG_COMPILER_GLOBAL_ACCENT_COLOR_NAME = AccentColor;
				CODE_SIGN_STYLE = Automatic;
				CURRENT_PROJECT_VERSION = 1;
				DEVELOPMENT_TEAM = 98JG7VUNLX;
				GENERATE_INFOPLIST_FILE = YES;
				INFOPLIST_FILE = Assignment/Info.plist;
				INFOPLIST_KEY_UIApplicationSupportsIndirectInputEvents = YES;
				INFOPLIST_KEY_UILaunchStoryboardName = LaunchScreen;
				INFOPLIST_KEY_UIMainStoryboardFile = Main;
				INFOPLIST_KEY_UISupportedInterfaceOrientations_iPad = "UIInterfaceOrientationPortrait UIInterfaceOrientationPortraitUpsideDown UIInterfaceOrientationLandscapeLeft UIInterfaceOrientationLandscapeRight";
				INFOPLIST_KEY_UISupportedInterfaceOrientations_iPhone = "UIInterfaceOrientationPortrait UIInterfaceOrientationLandscapeLeft UIInterfaceOrientationLandscapeRight";
				LD_RUNPATH_SEARCH_PATHS = (
					"$(inherited)",
					"@executable_path/Frameworks",
				);
				MARKETING_VERSION = 1.0;
				PRODUCT_BUNDLE_IDENTIFIER = efgtbfg.Assignment;
				PRODUCT_NAME = "$(TARGET_NAME)";
				SWIFT_EMIT_LOC_STRINGS = YES;
				SWIFT_VERSION = 5.0;
				TARGETED_DEVICE_FAMILY = "1,2";
			};
			name = Release;
		};
/* End XCBuildConfiguration section */

/* Begin XCConfigurationList section */
		FA6351302BDCE7E7003FD95A /* Build configuration list for PBXProject "Assignment" */ = {
			isa = XCConfigurationList;
			buildConfigurations = (
				FA6351472BDCE7EA003FD95A /* Debug */,
				FA6351482BDCE7EA003FD95A /* Release */,
			);
			defaultConfigurationIsVisible = 0;
			defaultConfigurationName = Release;
		};
		FA6351492BDCE7EA003FD95A /* Build configuration list for PBXNativeTarget "Assignment" */ = {
			isa = XCConfigurationList;
			buildConfigurations = (
				FA63514A2BDCE7EA003FD95A /* Debug */,
				FA63514B2BDCE7EA003FD95A /* Release */,
			);
			defaultConfigurationIsVisible = 0;
			defaultConfigurationName = Release;
		};
/* End XCConfigurationList section */
	};
	rootObject = FA63512D2BDCE7E7003FD95A /* Project object */;
}
